{
  "name": "melanchat",
  "version": "1.0.0",
  "lockfileVersion": 1,
  "requires": true,
  "dependencies": {
    "browser-split": {
      "version": "0.0.1",
      "resolved": "https://registry.npmjs.org/browser-split/-/browser-split-0.0.1.tgz",
      "integrity": "sha1-ewl1dPjj6tYG+0Zk5krf3aKYGpM="
    },
    "lodash.escape": {
      "version": "4.0.1",
      "resolved": "https://registry.npmjs.org/lodash.escape/-/lodash.escape-4.0.1.tgz",
      "integrity": "sha1-yQRGkMIeBClL6qUXcS/e0fqI3pg="
    },
    "lodash.forown": {
      "version": "4.4.0",
      "resolved": "https://registry.npmjs.org/lodash.forown/-/lodash.forown-4.4.0.tgz",
      "integrity": "sha1-hRFc8E9z75ZuztUlEdOJPMRmg68="
    },
    "lodash.kebabcase": {
      "version": "4.1.1",
      "resolved": "https://registry.npmjs.org/lodash.kebabcase/-/lodash.kebabcase-4.1.1.tgz",
      "integrity": "sha1-hImxyw0p/4gZXM7KRI/21swpXDY="
    },
    "lodash.remove": {
      "version": "4.7.0",
      "resolved": "https://registry.npmjs.org/lodash.remove/-/lodash.remove-4.7.0.tgz",
      "integrity": "sha1-8x0x58OaBpDVB07A02JxYjNO5iY="
    },
    "lodash.uniq": {
      "version": "4.5.0",
      "resolved": "https://registry.npmjs.org/lodash.uniq/-/lodash.uniq-4.5.0.tgz",
      "integrity": "sha1-0CJTc662Uq3BvILklFM5qEJ1R3M="
    },
    "object-assign": {
      "version": "4.1.1",
      "resolved": "https://registry.npmjs.org/object-assign/-/object-assign-4.1.1.tgz",
      "integrity": "sha1-IQmtx5ZYh8/AXLvUQsrIv7s2CGM="
    },
    "parse-sel": {
      "version": "1.0.0",
      "resolved": "https://registry.npmjs.org/parse-sel/-/parse-sel-1.0.0.tgz",
      "integrity": "sha1-uTANK7lGoGwiyY4gjkeyCIaQy90=",
      "requires": {
        "browser-split": "0.0.1"
      }
    },
    "rxjs": {
      "version": "6.4.0",
      "resolved": "https://registry.npmjs.org/rxjs/-/rxjs-6.4.0.tgz",
      "integrity": "sha512-Z9Yfa11F6B9Sg/BK9MnqnQ+aQYicPLtilXBp2yUtDt2JRCE0h26d33EnfO3ZxoNxG0T92OUucP3Ct7cpfkdFfw==",
      "requires": {
        "tslib": "^1.9.0"
      }
    },
    "snabbdom": {
      "version": "0.7.3",
      "resolved": "https://registry.npmjs.org/snabbdom/-/snabbdom-0.7.3.tgz",
      "integrity": "sha512-XNh90GQiV36hWdfSL46fIVrSSvmBuZlWk3++qaEgBeQWQJCqTphcbjTODPv8/vyZHJaB3VhePsWfGxi/zBxXyw=="
    },
    "snabbdom-to-html": {
      "version": "5.1.1",
      "resolved": "https://registry.npmjs.org/snabbdom-to-html/-/snabbdom-to-html-5.1.1.tgz",
      "integrity": "sha512-rz/Q8nh2RiY9echnpQdIQpGsvqPyjfEcFZ636tlggw59WlcsRrWfctYIVlGHZxUzcX025lw69oTCqceGdeXoGg==",
      "requires": {
        "lodash.escape": "^4.0.1",
        "lodash.forown": "^4.4.0",
        "lodash.kebabcase": "^4.1.1",
        "lodash.remove": "^4.7.0",
        "lodash.uniq": "^4.5.0",
        "object-assign": "^4.1.0",
        "parse-sel": "^1.0.0"
      }
    },
    "snabbdom-transition": {
      "version": "0.2.0",
      "resolved": "https://registry.npmjs.org/snabbdom-transition/-/snabbdom-transition-0.2.0.tgz",
      "integrity": "sha512-fEhsN1ysPA90mpzYr7cr6y55MXetvS+xAi95prPCXYwYo3/5WhH7c2oFgLBtAf9FlqKiVVB11V8Wug9THykC1g==",
      "dev": true,
      "requires": {
        "snabbdom": "^0.7.1"
      }
    },
    "tslib": {
      "version": "1.9.3",
      "resolved": "https://registry.npmjs.org/tslib/-/tslib-1.9.3.tgz",
      "integrity": "sha512-4krF8scpejhaOgqzBEcGM7yDIEfi0/8+8zDRZhNZZ2kjmHJ4hv3zCbQWxoJGz1iw5U0Jl0nma13xzHXcncMavQ=="
    }
  }
}
